
Microsoft Visual Studio Solution File, Format Version 12.00
# Visual Studio Version 16
VisualStudioVersion = 16.0.31313.79
MinimumVisualStudioVersion = 10.0.40219.1
Project("{FAE04EC0-301F-11D3-BF4B-00C04F79EFBC}") = "PrismMvvmApp", "PrismMvvmApp\PrismMvvmApp.csproj", "{6056433A-4F25-490E-8847-EFE49C17B33E}"
EndProject
Global
	GlobalSection(SolutionConfigurationPlatforms) = preSolution
		Debug|Any CPU = Debug|Any CPU
		Release|Any CPU = Release|Any CPU
	EndGlobalSection
	GlobalSection(ProjectConfigurationPlatforms) = postSolution
		{6056433A-4F25-490E-8847-EFE49C17B33E}.Debug|Any CPU.ActiveCfg = Debug|Any CPU
		{6056433A-4F25-490E-8847-EFE49C17B33E}.Debug|Any CPU.Build.0 = Debug|Any CPU
		{6056433A-4F25-490E-8847-EFE49C17B33E}.Release|Any CPU.ActiveCfg = Release|Any CPU
		{6056433A-4F25-490E-8847-EFE49C17B33E}.Release|Any CPU.Build.0 = Release|Any CPU
	EndGlobalSection
	GlobalSection(SolutionProperties) = preSolution
		HideSolutionNode = FALSE
	EndGlobalSection
	GlobalSection(ExtensibilityGlobals) = postSolution
		SolutionGuid = {736B4495-7B12-49ED-A1EF-8F82620155FA}
	EndGlobalSection
EndGlobal
